
Microsoft Visual Studio Solution File, Format Version 12.00
# Visual Studio Version 17
VisualStudioVersion = 17.14.37012.4 d17.14
MinimumVisualStudioVersion = 10.0.40219.1
Project("{FAE04EC0-301F-11D3-BF4B-00C04F79EFBC}") = "CruzFormsApp1", "CruzFormsApp1\CruzFormsApp1.csproj", "{F6473644-A01E-41FB-9F8B-DC35826BDB81}"
EndProject
Global
	GlobalSection(SolutionConfigurationPlatforms) = preSolution
		Debug|Any CPU = Debug|Any CPU
		Release|Any CPU = Release|Any CPU
	EndGlobalSection
	GlobalSection(ProjectConfigurationPlatforms) = postSolution
		{F6473644-A01E-41FB-9F8B-DC35826BDB81}.Debug|Any CPU.ActiveCfg = Debug|Any CPU
		{F6473644-A01E-41FB-9F8B-DC35826BDB81}.Debug|Any CPU.Build.0 = Debug|Any CPU
		{F6473644-A01E-41FB-9F8B-DC35826BDB81}.Release|Any CPU.ActiveCfg = Release|Any CPU
		{F6473644-A01E-41FB-9F8B-DC35826BDB81}.Release|Any CPU.Build.0 = Release|Any CPU
	EndGlobalSection
	GlobalSection(SolutionProperties) = preSolution
		HideSolutionNode = FALSE
	EndGlobalSection
	GlobalSection(ExtensibilityGlobals) = postSolution
		SolutionGuid = {73ABA9B5-150B-4F0F-B13D-3233421C9CE3}
	EndGlobalSection
EndGlobal
